
Microsoft Visual Studio Solution File, Format Version 12.00
# Visual Studio Version 17
VisualStudioVersion = 17.10.35013.160
MinimumVisualStudioVersion = 10.0.40219.1
Project("{FAE04EC0-301F-11D3-BF4B-00C04F79EFBC}") = "H.Benchmarks.CLI", "H.Benchmarks.CLI\H.Benchmarks.CLI.csproj", "{B3D47227-091A-4FBC-BA90-6C061126E62D}"
EndProject
Global
	GlobalSection(SolutionConfigurationPlatforms) = preSolution
		Debug|Any CPU = Debug|Any CPU
		Release|Any CPU = Release|Any CPU
	EndGlobalSection
	GlobalSection(ProjectConfigurationPlatforms) = postSolution
		{B3D47227-091A-4FBC-BA90-6C061126E62D}.Debug|Any CPU.ActiveCfg = Debug|Any CPU
		{B3D47227-091A-4FBC-BA90-6C061126E62D}.Debug|Any CPU.Build.0 = Debug|Any CPU
		{B3D47227-091A-4FBC-BA90-6C061126E62D}.Release|Any CPU.ActiveCfg = Release|Any CPU
		{B3D47227-091A-4FBC-BA90-6C061126E62D}.Release|Any CPU.Build.0 = Release|Any CPU
	EndGlobalSection
	GlobalSection(SolutionProperties) = preSolution
		HideSolutionNode = FALSE
	EndGlobalSection
	GlobalSection(ExtensibilityGlobals) = postSolution
		SolutionGuid = {48506BB7-A081-4E0A-B32E-396A586BFE78}
	EndGlobalSection
EndGlobal
